
Microsoft Visual Studio Solution File, Format Version 12.00
# Visual Studio Version 16
VisualStudioVersion = 16.0.30717.126
MinimumVisualStudioVersion = 10.0.40219.1
Project("{9A19103F-16F7-4668-BE54-9A1E7A4F7556}") = "Domain", "Domain\Domain.csproj", "{FA086813-957E-4D0C-AAF1-5860B9476501}"
EndProject
Project("{9A19103F-16F7-4668-BE54-9A1E7A4F7556}") = "Service", "Service\Service.csproj", "{DC250187-516A-4D47-94DC-5EE254FAA7C4}"
EndProject
Project("{9A19103F-16F7-4668-BE54-9A1E7A4F7556}") = "DataLayer", "DataLayer\DataLayer.csproj", "{147A2E84-76F7-4837-A8E9-DFE5DBA3A545}"
EndProject
Project("{9A19103F-16F7-4668-BE54-9A1E7A4F7556}") = "Core", "Core\Core.csproj", "{CCD4F961-4F7F-4DB6-9BC6-DA3F68E7B213}"
EndProject
Project("{9A19103F-16F7-4668-BE54-9A1E7A4F7556}") = "WebApi", "WebApi\WebApi.csproj", "{07FB7D93-0D32-4BB3-9028-5E916B05D604}"
EndProject
Project("{9A19103F-16F7-4668-BE54-9A1E7A4F7556}") = "Todo", "Todo\Todo.csproj", "{01777677-301F-4364-95B3-05D06A054E85}"
EndProject
Project("{00D1A9C2-B5F0-4AF3-8072-F6C62B433612}") = "StripeDatabase", "StripeDatabase\StripeDatabase.sqlproj", "{BED57CBF-C511-48EE-8228-76F7BA853E6A}"
EndProject
Global
	GlobalSection(SolutionConfigurationPlatforms) = preSolution
		Debug|Any CPU = Debug|Any CPU
		Release|Any CPU = Release|Any CPU
	EndGlobalSection
	GlobalSection(ProjectConfigurationPlatforms) = postSolution
		{FA086813-957E-4D0C-AAF1-5860B9476501}.Debug|Any CPU.ActiveCfg = Debug|Any CPU
		{FA086813-957E-4D0C-AAF1-5860B9476501}.Debug|Any CPU.Build.0 = Debug|Any CPU
		{FA086813-957E-4D0C-AAF1-5860B9476501}.Release|Any CPU.ActiveCfg = Release|Any CPU
		{FA086813-957E-4D0C-AAF1-5860B9476501}.Release|Any CPU.Build.0 = Release|Any CPU
		{DC250187-516A-4D47-94DC-5EE254FAA7C4}.Debug|Any CPU.ActiveCfg = Debug|Any CPU
		{DC250187-516A-4D47-94DC-5EE254FAA7C4}.Debug|Any CPU.Build.0 = Debug|Any CPU
		{DC250187-516A-4D47-94DC-5EE254FAA7C4}.Release|Any CPU.ActiveCfg = Release|Any CPU
		{DC250187-516A-4D47-94DC-5EE254FAA7C4}.Release|Any CPU.Build.0 = Release|Any CPU
		{147A2E84-76F7-4837-A8E9-DFE5DBA3A545}.Debug|Any CPU.ActiveCfg = Debug|Any CPU
		{147A2E84-76F7-4837-A8E9-DFE5DBA3A545}.Debug|Any CPU.Build.0 = Debug|Any CPU
		{147A2E84-76F7-4837-A8E9-DFE5DBA3A545}.Release|Any CPU.ActiveCfg = Release|Any CPU
		{147A2E84-76F7-4837-A8E9-DFE5DBA3A545}.Release|Any CPU.Build.0 = Release|Any CPU
		{CCD4F961-4F7F-4DB6-9BC6-DA3F68E7B213}.Debug|Any CPU.ActiveCfg = Debug|Any CPU
		{CCD4F961-4F7F-4DB6-9BC6-DA3F68E7B213}.Debug|Any CPU.Build.0 = Debug|Any CPU
		{CCD4F961-4F7F-4DB6-9BC6-DA3F68E7B213}.Release|Any CPU.ActiveCfg = Release|Any CPU
		{CCD4F961-4F7F-4DB6-9BC6-DA3F68E7B213}.Release|Any CPU.Build.0 = Release|Any CPU
		{07FB7D93-0D32-4BB3-9028-5E916B05D604}.Debug|Any CPU.ActiveCfg = Debug|Any CPU
		{07FB7D93-0D32-4BB3-9028-5E916B05D604}.Debug|Any CPU.Build.0 = Debug|Any CPU
		{07FB7D93-0D32-4BB3-9028-5E916B05D604}.Release|Any CPU.ActiveCfg = Release|Any CPU
		{07FB7D93-0D32-4BB3-9028-5E916B05D604}.Release|Any CPU.Build.0 = Release|Any CPU
		{01777677-301F-4364-95B3-05D06A054E85}.Debug|Any CPU.ActiveCfg = Debug|Any CPU
		{01777677-301F-4364-95B3-05D06A054E85}.Debug|Any CPU.Build.0 = Debug|Any CPU
		{01777677-301F-4364-95B3-05D06A054E85}.Release|Any CPU.ActiveCfg = Release|Any CPU
		{01777677-301F-4364-95B3-05D06A054E85}.Release|Any CPU.Build.0 = Release|Any CPU
		{BED57CBF-C511-48EE-8228-76F7BA853E6A}.Debug|Any CPU.ActiveCfg = Debug|Any CPU
		{BED57CBF-C511-48EE-8228-76F7BA853E6A}.Debug|Any CPU.Build.0 = Debug|Any CPU
		{BED57CBF-C511-48EE-8228-76F7BA853E6A}.Debug|Any CPU.Deploy.0 = Debug|Any CPU
		{BED57CBF-C511-48EE-8228-76F7BA853E6A}.Release|Any CPU.ActiveCfg = Release|Any CPU
		{BED57CBF-C511-48EE-8228-76F7BA853E6A}.Release|Any CPU.Build.0 = Release|Any CPU
		{BED57CBF-C511-48EE-8228-76F7BA853E6A}.Release|Any CPU.Deploy.0 = Release|Any CPU
	EndGlobalSection
	GlobalSection(SolutionProperties) = preSolution
		HideSolutionNode = FALSE
	EndGlobalSection
	GlobalSection(ExtensibilityGlobals) = postSolution
		SolutionGuid = {868633DF-28C5-489A-A490-C9402280F1F5}
	EndGlobalSection
EndGlobal
